
Microsoft Visual Studio Solution File, Format Version 12.00
# Visual Studio 14
VisualStudioVersion = 14.0.25123.0
MinimumVisualStudioVersion = 10.0.40219.1
Project("{FAE04EC0-301F-11D3-BF4B-00C04F79EFBC}") = "SynapseDemo", "SynapseDemo\SynapseDemo.csproj", "{C637095E-C457-47DF-9A6D-FA1F6D03A8AE}"
EndProject
Project("{FAE04EC0-301F-11D3-BF4B-00C04F79EFBC}") = "SimpleRequestReply", "SimpleRequestReply\SimpleRequestReply.csproj", "{0684B227-44A1-4C6C-9924-B15DF5AD5E0A}"
EndProject
Project("{FAE04EC0-301F-11D3-BF4B-00C04F79EFBC}") = "SimplePubSub", "SimplePubSub\SimplePubSub.csproj", "{D3DE2D9E-EE94-47A4-AC1C-AA19212FF5B4}"
EndProject
Project("{FAE04EC0-301F-11D3-BF4B-00C04F79EFBC}") = "Encryption", "Encryption\Encryption.csproj", "{BB47B25A-CE2D-458C-AC73-7F0C5C3132DC}"
EndProject
Global
	GlobalSection(SolutionConfigurationPlatforms) = preSolution
		Debug|Any CPU = Debug|Any CPU
		Release|Any CPU = Release|Any CPU
	EndGlobalSection
	GlobalSection(ProjectConfigurationPlatforms) = postSolution
		{C637095E-C457-47DF-9A6D-FA1F6D03A8AE}.Debug|Any CPU.ActiveCfg = Debug|Any CPU
		{C637095E-C457-47DF-9A6D-FA1F6D03A8AE}.Debug|Any CPU.Build.0 = Debug|Any CPU
		{C637095E-C457-47DF-9A6D-FA1F6D03A8AE}.Release|Any CPU.ActiveCfg = Release|Any CPU
		{C637095E-C457-47DF-9A6D-FA1F6D03A8AE}.Release|Any CPU.Build.0 = Release|Any CPU
		{0684B227-44A1-4C6C-9924-B15DF5AD5E0A}.Debug|Any CPU.ActiveCfg = Debug|Any CPU
		{0684B227-44A1-4C6C-9924-B15DF5AD5E0A}.Debug|Any CPU.Build.0 = Debug|Any CPU
		{0684B227-44A1-4C6C-9924-B15DF5AD5E0A}.Release|Any CPU.ActiveCfg = Release|Any CPU
		{0684B227-44A1-4C6C-9924-B15DF5AD5E0A}.Release|Any CPU.Build.0 = Release|Any CPU
		{D3DE2D9E-EE94-47A4-AC1C-AA19212FF5B4}.Debug|Any CPU.ActiveCfg = Debug|Any CPU
		{D3DE2D9E-EE94-47A4-AC1C-AA19212FF5B4}.Debug|Any CPU.Build.0 = Debug|Any CPU
		{D3DE2D9E-EE94-47A4-AC1C-AA19212FF5B4}.Release|Any CPU.ActiveCfg = Release|Any CPU
		{D3DE2D9E-EE94-47A4-AC1C-AA19212FF5B4}.Release|Any CPU.Build.0 = Release|Any CPU
		{BB47B25A-CE2D-458C-AC73-7F0C5C3132DC}.Debug|Any CPU.ActiveCfg = Debug|Any CPU
		{BB47B25A-CE2D-458C-AC73-7F0C5C3132DC}.Debug|Any CPU.Build.0 = Debug|Any CPU
		{BB47B25A-CE2D-458C-AC73-7F0C5C3132DC}.Release|Any CPU.ActiveCfg = Release|Any CPU
		{BB47B25A-CE2D-458C-AC73-7F0C5C3132DC}.Release|Any CPU.Build.0 = Release|Any CPU
	EndGlobalSection
	GlobalSection(SolutionProperties) = preSolution
		HideSolutionNode = FALSE
	EndGlobalSection
EndGlobal
